
Microsoft Visual Studio Solution File, Format Version 12.00
# Visual Studio Version 16
VisualStudioVersion = 16.0.31129.286
MinimumVisualStudioVersion = 10.0.40219.1
Project("{8BC9CEB8-8B4A-11D0-8D11-00A0C91BC942}") = "210408_1", "210408_1\210408_1.vcxproj", "{3EF92242-F615-4F2D-8128-1B6DF87B7E97}"
EndProject
Global
	GlobalSection(SolutionConfigurationPlatforms) = preSolution
		Debug|x64 = Debug|x64
		Debug|x86 = Debug|x86
		Release|x64 = Release|x64
		Release|x86 = Release|x86
	EndGlobalSection
	GlobalSection(ProjectConfigurationPlatforms) = postSolution
		{3EF92242-F615-4F2D-8128-1B6DF87B7E97}.Debug|x64.ActiveCfg = Debug|x64
		{3EF92242-F615-4F2D-8128-1B6DF87B7E97}.Debug|x64.Build.0 = Debug|x64
		{3EF92242-F615-4F2D-8128-1B6DF87B7E97}.Debug|x86.ActiveCfg = Debug|Win32
		{3EF92242-F615-4F2D-8128-1B6DF87B7E97}.Debug|x86.Build.0 = Debug|Win32
		{3EF92242-F615-4F2D-8128-1B6DF87B7E97}.Release|x64.ActiveCfg = Release|x64
		{3EF92242-F615-4F2D-8128-1B6DF87B7E97}.Release|x64.Build.0 = Release|x64
		{3EF92242-F615-4F2D-8128-1B6DF87B7E97}.Release|x86.ActiveCfg = Release|Win32
		{3EF92242-F615-4F2D-8128-1B6DF87B7E97}.Release|x86.Build.0 = Release|Win32
	EndGlobalSection
	GlobalSection(SolutionProperties) = preSolution
		HideSolutionNode = FALSE
	EndGlobalSection
	GlobalSection(ExtensibilityGlobals) = postSolution
		SolutionGuid = {4E4F7E28-8A24-46E8-9929-3589C416113B}
	EndGlobalSection
EndGlobal
